{
  "requires": true,
  "lockfileVersion": 1,
  "dependencies": {
    "@angular/material": {
      "version": "9.1.0",
      "resolved": "https://registry.npmjs.org/@angular/material/-/material-9.1.0.tgz",
      "integrity": "sha512-KjA1ARoZ1vBg4jUH1y39muynxAFvkD8QZFGKH8Nh4zXW5pOP/7NyjokxXsNx5qSBCq/6ac2xBxCrCYJN7HmoDw=="
    }
  }
}
